
Microsoft Visual Studio Solution File, Format Version 12.00
# Visual Studio Version 17
VisualStudioVersion = 17.13.35931.197 d17.13
MinimumVisualStudioVersion = 10.0.40219.1
Project("{FAE04EC0-301F-11D3-BF4B-00C04F79EFBC}") = "ChgManagementSystem", "ChgManagementSystem\ChgManagementSystem.csproj", "{70DDFEDA-3593-4498-B6C2-92B407860224}"
EndProject
Global
	GlobalSection(SolutionConfigurationPlatforms) = preSolution
		Debug|Any CPU = Debug|Any CPU
		Release|Any CPU = Release|Any CPU
	EndGlobalSection
	GlobalSection(ProjectConfigurationPlatforms) = postSolution
		{70DDFEDA-3593-4498-B6C2-92B407860224}.Debug|Any CPU.ActiveCfg = Debug|Any CPU
		{70DDFEDA-3593-4498-B6C2-92B407860224}.Debug|Any CPU.Build.0 = Debug|Any CPU
		{70DDFEDA-3593-4498-B6C2-92B407860224}.Release|Any CPU.ActiveCfg = Release|Any CPU
		{70DDFEDA-3593-4498-B6C2-92B407860224}.Release|Any CPU.Build.0 = Release|Any CPU
	EndGlobalSection
	GlobalSection(SolutionProperties) = preSolution
		HideSolutionNode = FALSE
	EndGlobalSection
	GlobalSection(ExtensibilityGlobals) = postSolution
		SolutionGuid = {907131F9-35F3-4C44-A818-CD98A965DA13}
	EndGlobalSection
EndGlobal
